
Microsoft Visual Studio Solution File, Format Version 12.00
# Visual Studio 15
VisualStudioVersion = 15.0.27130.2036
MinimumVisualStudioVersion = 10.0.40219.1
Project("{2150E333-8FDC-42A3-9474-1A3956D46DE8}") = "Common", "Common", "{AE416B12-9B2C-4E42-955A-834CA3AF6A73}"
EndProject
Project("{2150E333-8FDC-42A3-9474-1A3956D46DE8}") = "Framework", "Framework", "{89829906-89B7-4036-8F99-9F2E13FB45CF}"
EndProject
Project("{FAE04EC0-301F-11D3-BF4B-00C04F79EFBC}") = "Framework.VoiceRecorder.Core", "Framework.VoiceRecorder.Core\Framework.VoiceRecorder.Core.csproj", "{9144E39B-F8E8-47D1-ADCC-086E2E806778}"
EndProject
Project("{FAE04EC0-301F-11D3-BF4B-00C04F79EFBC}") = "Framework.VoiceRecorder.Audio", "Framework.VoiceRecorder.Audio\Framework.VoiceRecorder.Audio.csproj", "{91EDFCAD-2495-44D2-BD45-7CC389C6D838}"
EndProject
Project("{FAE04EC0-301F-11D3-BF4B-00C04F79EFBC}") = "Framework.Logging", "Framework.Logging\Framework.Logging.csproj", "{90254545-27C0-49BF-AE33-AFC88F540D44}"
EndProject
Project("{FAE04EC0-301F-11D3-BF4B-00C04F79EFBC}") = "Framework.Recorder", "Framework.Recorder\Framework.Recorder.csproj", "{6AD293A4-D9CB-4017-B850-AF97CD67E749}"
EndProject
Project("{FAE04EC0-301F-11D3-BF4B-00C04F79EFBC}") = "Framework.Network.HttpHelper", "Framework.Network.HttpHelper\Framework.Network.HttpHelper.csproj", "{966C2F8B-47E5-4E6D-ABFC-13501E739D25}"
EndProject
Project("{FAE04EC0-301F-11D3-BF4B-00C04F79EFBC}") = "Framework.Engine", "Framework.Engine\Framework.Engine.csproj", "{B532540D-534F-4167-8BEB-693134C6D928}"
EndProject
Project("{2150E333-8FDC-42A3-9474-1A3956D46DE8}") = "MahApps.Metro", "MahApps.Metro", "{863A403C-960C-45E0-9C0D-8FCD9B74A510}"
EndProject
Project("{FAE04EC0-301F-11D3-BF4B-00C04F79EFBC}") = "MaterialDesignColors.Wpf", "MahApps.Metro\MaterialDesignColors.Wpf\MaterialDesignColors.Wpf.csproj", "{90B53209-C60C-4655-B28D-A1B3E1044BA3}"
EndProject
Project("{FAE04EC0-301F-11D3-BF4B-00C04F79EFBC}") = "MaterialDesignThemes.Wpf", "MahApps.Metro\MaterialDesignThemes.Wpf\MaterialDesignThemes.Wpf.csproj", "{F079FB0A-A8ED-4216-B6A5-345756751A04}"
EndProject
Project("{FAE04EC0-301F-11D3-BF4B-00C04F79EFBC}") = "ST.Common", "ST.Common\ST.Common.csproj", "{A4DB45BA-324E-47F6-929B-7B674A45AA78}"
EndProject
Project("{FAE04EC0-301F-11D3-BF4B-00C04F79EFBC}") = "ST.Models", "ST.Models\ST.Models.csproj", "{D7D555A0-0466-41F9-9863-04A2FA40D185}"
EndProject
Project("{FAE04EC0-301F-11D3-BF4B-00C04F79EFBC}") = "Personal-App", "Personal-App\Personal-App.csproj", "{5DD790E1-4CD1-48B4-942F-65A088F8A5EA}"
EndProject
Project("{2150E333-8FDC-42A3-9474-1A3956D46DE8}") = "Plugin.Exam", "Plugin.Exam", "{9EDEA571-9347-42F3-8B87-FB87A1553384}"
EndProject
Project("{FAE04EC0-301F-11D3-BF4B-00C04F79EFBC}") = "Plugin.Exam.Qs", "Plugin.Exam.Qs\Plugin.Exam.Qs.csproj", "{F7BDEE1E-540B-4C94-841B-24DAD0908C1B}"
EndProject
Project("{FAE04EC0-301F-11D3-BF4B-00C04F79EFBC}") = "ST.Style", "ST.Style\ST.Style.csproj", "{AFA91376-14B6-4310-AFCF-2D61C2C1BDB9}"
EndProject
Project("{FAE04EC0-301F-11D3-BF4B-00C04F79EFBC}") = "Plugin.Exam.Report", "Plugin.Exam.Report\Plugin.Exam.Report.csproj", "{7D4B33E5-A184-4393-B0AD-4EC24CDD4F48}"
EndProject
Project("{FAE04EC0-301F-11D3-BF4B-00C04F79EFBC}") = "JudgeInstallPath", "JudgeInstallPath\JudgeInstallPath.csproj", "{F7627A51-379A-4BD0-A106-2E8A5316E7C2}"
EndProject
Global
	GlobalSection(SolutionConfigurationPlatforms) = preSolution
		AppVeyor|Any CPU = AppVeyor|Any CPU
		AppVeyor|x64 = AppVeyor|x64
		AppVeyor|x86 = AppVeyor|x86
		Debug|Any CPU = Debug|Any CPU
		Debug|x64 = Debug|x64
		Debug|x86 = Debug|x86
		Release|Any CPU = Release|Any CPU
		Release|x64 = Release|x64
		Release|x86 = Release|x86
	EndGlobalSection
	GlobalSection(ProjectConfigurationPlatforms) = postSolution
		{9144E39B-F8E8-47D1-ADCC-086E2E806778}.AppVeyor|Any CPU.ActiveCfg = Release|Any CPU
		{9144E39B-F8E8-47D1-ADCC-086E2E806778}.AppVeyor|Any CPU.Build.0 = Release|Any CPU
		{9144E39B-F8E8-47D1-ADCC-086E2E806778}.AppVeyor|x64.ActiveCfg = Release|Any CPU
		{9144E39B-F8E8-47D1-ADCC-086E2E806778}.AppVeyor|x64.Build.0 = Release|Any CPU
		{9144E39B-F8E8-47D1-ADCC-086E2E806778}.AppVeyor|x86.ActiveCfg = Release|Any CPU
		{9144E39B-F8E8-47D1-ADCC-086E2E806778}.AppVeyor|x86.Build.0 = Release|Any CPU
		{9144E39B-F8E8-47D1-ADCC-086E2E806778}.Debug|Any CPU.ActiveCfg = Debug|Any CPU
		{9144E39B-F8E8-47D1-ADCC-086E2E806778}.Debug|Any CPU.Build.0 = Debug|Any CPU
		{9144E39B-F8E8-47D1-ADCC-086E2E806778}.Debug|x64.ActiveCfg = Debug|Any CPU
		{9144E39B-F8E8-47D1-ADCC-086E2E806778}.Debug|x64.Build.0 = Debug|Any CPU
		{9144E39B-F8E8-47D1-ADCC-086E2E806778}.Debug|x86.ActiveCfg = Debug|Any CPU
		{9144E39B-F8E8-47D1-ADCC-086E2E806778}.Debug|x86.Build.0 = Debug|Any CPU
		{9144E39B-F8E8-47D1-ADCC-086E2E806778}.Release|Any CPU.ActiveCfg = Release|Any CPU
		{9144E39B-F8E8-47D1-ADCC-086E2E806778}.Release|Any CPU.Build.0 = Release|Any CPU
		{9144E39B-F8E8-47D1-ADCC-086E2E806778}.Release|x64.ActiveCfg = Release|Any CPU
		{9144E39B-F8E8-47D1-ADCC-086E2E806778}.Release|x64.Build.0 = Release|Any CPU
		{9144E39B-F8E8-47D1-ADCC-086E2E806778}.Release|x86.ActiveCfg = Release|Any CPU
		{9144E39B-F8E8-47D1-ADCC-086E2E806778}.Release|x86.Build.0 = Release|Any CPU
		{91EDFCAD-2495-44D2-BD45-7CC389C6D838}.AppVeyor|Any CPU.ActiveCfg = Release|Any CPU
		{91EDFCAD-2495-44D2-BD45-7CC389C6D838}.AppVeyor|Any CPU.Build.0 = Release|Any CPU
		{91EDFCAD-2495-44D2-BD45-7CC389C6D838}.AppVeyor|x64.ActiveCfg = Release|Any CPU
		{91EDFCAD-2495-44D2-BD45-7CC389C6D838}.AppVeyor|x64.Build.0 = Release|Any CPU
		{91EDFCAD-2495-44D2-BD45-7CC389C6D838}.AppVeyor|x86.ActiveCfg = Release|Any CPU
		{91EDFCAD-2495-44D2-BD45-7CC389C6D838}.AppVeyor|x86.Build.0 = Release|Any CPU
		{91EDFCAD-2495-44D2-BD45-7CC389C6D838}.Debug|Any CPU.ActiveCfg = Debug|Any CPU
		{91EDFCAD-2495-44D2-BD45-7CC389C6D838}.Debug|Any CPU.Build.0 = Debug|Any CPU
		{91EDFCAD-2495-44D2-BD45-7CC389C6D838}.Debug|x64.ActiveCfg = Debug|Any CPU
		{91EDFCAD-2495-44D2-BD45-7CC389C6D838}.Debug|x64.Build.0 = Debug|Any CPU
		{91EDFCAD-2495-44D2-BD45-7CC389C6D838}.Debug|x86.ActiveCfg = Debug|Any CPU
		{91EDFCAD-2495-44D2-BD45-7CC389C6D838}.Debug|x86.Build.0 = Debug|Any CPU
		{91EDFCAD-2495-44D2-BD45-7CC389C6D838}.Release|Any CPU.ActiveCfg = Release|Any CPU
		{91EDFCAD-2495-44D2-BD45-7CC389C6D838}.Release|Any CPU.Build.0 = Release|Any CPU
		{91EDFCAD-2495-44D2-BD45-7CC389C6D838}.Release|x64.ActiveCfg = Release|Any CPU
		{91EDFCAD-2495-44D2-BD45-7CC389C6D838}.Release|x64.Build.0 = Release|Any CPU
		{91EDFCAD-2495-44D2-BD45-7CC389C6D838}.Release|x86.ActiveCfg = Release|Any CPU
		{91EDFCAD-2495-44D2-BD45-7CC389C6D838}.Release|x86.Build.0 = Release|Any CPU
		{90254545-27C0-49BF-AE33-AFC88F540D44}.AppVeyor|Any CPU.ActiveCfg = Release|Any CPU
		{90254545-27C0-49BF-AE33-AFC88F540D44}.AppVeyor|Any CPU.Build.0 = Release|Any CPU
		{90254545-27C0-49BF-AE33-AFC88F540D44}.AppVeyor|x64.ActiveCfg = Release|x64
		{90254545-27C0-49BF-AE33-AFC88F540D44}.AppVeyor|x64.Build.0 = Release|x64
		{90254545-27C0-49BF-AE33-AFC88F540D44}.AppVeyor|x86.ActiveCfg = Release|x86
		{90254545-27C0-49BF-AE33-AFC88F540D44}.AppVeyor|x86.Build.0 = Release|x86
		{90254545-27C0-49BF-AE33-AFC88F540D44}.Debug|Any CPU.ActiveCfg = Debug|Any CPU
		{90254545-27C0-49BF-AE33-AFC88F540D44}.Debug|Any CPU.Build.0 = Debug|Any CPU
		{90254545-27C0-49BF-AE33-AFC88F540D44}.Debug|x64.ActiveCfg = Debug|x64
		{90254545-27C0-49BF-AE33-AFC88F540D44}.Debug|x64.Build.0 = Debug|x64
		{90254545-27C0-49BF-AE33-AFC88F540D44}.Debug|x86.ActiveCfg = Debug|x86
		{90254545-27C0-49BF-AE33-AFC88F540D44}.Debug|x86.Build.0 = Debug|x86
		{90254545-27C0-49BF-AE33-AFC88F540D44}.Release|Any CPU.ActiveCfg = Release|Any CPU
		{90254545-27C0-49BF-AE33-AFC88F540D44}.Release|Any CPU.Build.0 = Release|Any CPU
		{90254545-27C0-49BF-AE33-AFC88F540D44}.Release|x64.ActiveCfg = Release|x64
		{90254545-27C0-49BF-AE33-AFC88F540D44}.Release|x64.Build.0 = Release|x64
		{90254545-27C0-49BF-AE33-AFC88F540D44}.Release|x86.ActiveCfg = Release|x86
		{90254545-27C0-49BF-AE33-AFC88F540D44}.Release|x86.Build.0 = Release|x86
		{6AD293A4-D9CB-4017-B850-AF97CD67E749}.AppVeyor|Any CPU.ActiveCfg = Release|Any CPU
		{6AD293A4-D9CB-4017-B850-AF97CD67E749}.AppVeyor|Any CPU.Build.0 = Release|Any CPU
		{6AD293A4-D9CB-4017-B850-AF97CD67E749}.AppVeyor|x64.ActiveCfg = Release|x64
		{6AD293A4-D9CB-4017-B850-AF97CD67E749}.AppVeyor|x64.Build.0 = Release|x64
		{6AD293A4-D9CB-4017-B850-AF97CD67E749}.AppVeyor|x86.ActiveCfg = Release|x86
		{6AD293A4-D9CB-4017-B850-AF97CD67E749}.AppVeyor|x86.Build.0 = Release|x86
		{6AD293A4-D9CB-4017-B850-AF97CD67E749}.Debug|Any CPU.ActiveCfg = Debug|Any CPU
		{6AD293A4-D9CB-4017-B850-AF97CD67E749}.Debug|Any CPU.Build.0 = Debug|Any CPU
		{6AD293A4-D9CB-4017-B850-AF97CD67E749}.Debug|x64.ActiveCfg = Debug|x64
		{6AD293A4-D9CB-4017-B850-AF97CD67E749}.Debug|x64.Build.0 = Debug|x64
		{6AD293A4-D9CB-4017-B850-AF97CD67E749}.Debug|x86.ActiveCfg = Debug|x86
		{6AD293A4-D9CB-4017-B850-AF97CD67E749}.Debug|x86.Build.0 = Debug|x86
		{6AD293A4-D9CB-4017-B850-AF97CD67E749}.Release|Any CPU.ActiveCfg = Release|Any CPU
		{6AD293A4-D9CB-4017-B850-AF97CD67E749}.Release|Any CPU.Build.0 = Release|Any CPU
		{6AD293A4-D9CB-4017-B850-AF97CD67E749}.Release|x64.ActiveCfg = Release|x64
		{6AD293A4-D9CB-4017-B850-AF97CD67E749}.Release|x64.Build.0 = Release|x64
		{6AD293A4-D9CB-4017-B850-AF97CD67E749}.Release|x86.ActiveCfg = Release|x86
		{6AD293A4-D9CB-4017-B850-AF97CD67E749}.Release|x86.Build.0 = Release|x86
		{966C2F8B-47E5-4E6D-ABFC-13501E739D25}.AppVeyor|Any CPU.ActiveCfg = Release|Any CPU
		{966C2F8B-47E5-4E6D-ABFC-13501E739D25}.AppVeyor|Any CPU.Build.0 = Release|Any CPU
		{966C2F8B-47E5-4E6D-ABFC-13501E739D25}.AppVeyor|x64.ActiveCfg = Release|Any CPU
		{966C2F8B-47E5-4E6D-ABFC-13501E739D25}.AppVeyor|x64.Build.0 = Release|Any CPU
		{966C2F8B-47E5-4E6D-ABFC-13501E739D25}.AppVeyor|x86.ActiveCfg = Release|Any CPU
		{966C2F8B-47E5-4E6D-ABFC-13501E739D25}.AppVeyor|x86.Build.0 = Release|Any CPU
		{966C2F8B-47E5-4E6D-ABFC-13501E739D25}.Debug|Any CPU.ActiveCfg = Debug|Any CPU
		{966C2F8B-47E5-4E6D-ABFC-13501E739D25}.Debug|Any CPU.Build.0 = Debug|Any CPU
		{966C2F8B-47E5-4E6D-ABFC-13501E739D25}.Debug|x64.ActiveCfg = Debug|Any CPU
		{966C2F8B-47E5-4E6D-ABFC-13501E739D25}.Debug|x64.Build.0 = Debug|Any CPU
		{966C2F8B-47E5-4E6D-ABFC-13501E739D25}.Debug|x86.ActiveCfg = Debug|Any CPU
		{966C2F8B-47E5-4E6D-ABFC-13501E739D25}.Debug|x86.Build.0 = Debug|Any CPU
		{966C2F8B-47E5-4E6D-ABFC-13501E739D25}.Release|Any CPU.ActiveCfg = Release|Any CPU
		{966C2F8B-47E5-4E6D-ABFC-13501E739D25}.Release|Any CPU.Build.0 = Release|Any CPU
		{966C2F8B-47E5-4E6D-ABFC-13501E739D25}.Release|x64.ActiveCfg = Release|Any CPU
		{966C2F8B-47E5-4E6D-ABFC-13501E739D25}.Release|x64.Build.0 = Release|Any CPU
		{966C2F8B-47E5-4E6D-ABFC-13501E739D25}.Release|x86.ActiveCfg = Release|Any CPU
		{966C2F8B-47E5-4E6D-ABFC-13501E739D25}.Release|x86.Build.0 = Release|Any CPU
		{B532540D-534F-4167-8BEB-693134C6D928}.AppVeyor|Any CPU.ActiveCfg = Release|Any CPU
		{B532540D-534F-4167-8BEB-693134C6D928}.AppVeyor|Any CPU.Build.0 = Release|Any CPU
		{B532540D-534F-4167-8BEB-693134C6D928}.AppVeyor|x64.ActiveCfg = Release|x64
		{B532540D-534F-4167-8BEB-693134C6D928}.AppVeyor|x64.Build.0 = Release|x64
		{B532540D-534F-4167-8BEB-693134C6D928}.AppVeyor|x86.ActiveCfg = Release|x86
		{B532540D-534F-4167-8BEB-693134C6D928}.AppVeyor|x86.Build.0 = Release|x86
		{B532540D-534F-4167-8BEB-693134C6D928}.Debug|Any CPU.ActiveCfg = Debug|Any CPU
		{B532540D-534F-4167-8BEB-693134C6D928}.Debug|Any CPU.Build.0 = Debug|Any CPU
		{B532540D-534F-4167-8BEB-693134C6D928}.Debug|x64.ActiveCfg = Debug|x64
		{B532540D-534F-4167-8BEB-693134C6D928}.Debug|x64.Build.0 = Debug|x64
		{B532540D-534F-4167-8BEB-693134C6D928}.Debug|x86.ActiveCfg = Debug|x86
		{B532540D-534F-4167-8BEB-693134C6D928}.Debug|x86.Build.0 = Debug|x86
		{B532540D-534F-4167-8BEB-693134C6D928}.Release|Any CPU.ActiveCfg = Release|Any CPU
		{B532540D-534F-4167-8BEB-693134C6D928}.Release|Any CPU.Build.0 = Release|Any CPU
		{B532540D-534F-4167-8BEB-693134C6D928}.Release|x64.ActiveCfg = Release|x64
		{B532540D-534F-4167-8BEB-693134C6D928}.Release|x64.Build.0 = Release|x64
		{B532540D-534F-4167-8BEB-693134C6D928}.Release|x86.ActiveCfg = Release|x86
		{B532540D-534F-4167-8BEB-693134C6D928}.Release|x86.Build.0 = Release|x86
		{90B53209-C60C-4655-B28D-A1B3E1044BA3}.AppVeyor|Any CPU.ActiveCfg = AppVeyor|Any CPU
		{90B53209-C60C-4655-B28D-A1B3E1044BA3}.AppVeyor|Any CPU.Build.0 = AppVeyor|Any CPU
		{90B53209-C60C-4655-B28D-A1B3E1044BA3}.AppVeyor|x64.ActiveCfg = AppVeyor|Any CPU
		{90B53209-C60C-4655-B28D-A1B3E1044BA3}.AppVeyor|x64.Build.0 = AppVeyor|Any CPU
		{90B53209-C60C-4655-B28D-A1B3E1044BA3}.AppVeyor|x86.ActiveCfg = AppVeyor|Any CPU
		{90B53209-C60C-4655-B28D-A1B3E1044BA3}.AppVeyor|x86.Build.0 = AppVeyor|Any CPU
		{90B53209-C60C-4655-B28D-A1B3E1044BA3}.Debug|Any CPU.ActiveCfg = Debug|Any CPU
		{90B53209-C60C-4655-B28D-A1B3E1044BA3}.Debug|Any CPU.Build.0 = Debug|Any CPU
		{90B53209-C60C-4655-B28D-A1B3E1044BA3}.Debug|x64.ActiveCfg = Debug|Any CPU
		{90B53209-C60C-4655-B28D-A1B3E1044BA3}.Debug|x64.Build.0 = Debug|Any CPU
		{90B53209-C60C-4655-B28D-A1B3E1044BA3}.Debug|x86.ActiveCfg = Debug|Any CPU
		{90B53209-C60C-4655-B28D-A1B3E1044BA3}.Debug|x86.Build.0 = Debug|Any CPU
		{90B53209-C60C-4655-B28D-A1B3E1044BA3}.Release|Any CPU.ActiveCfg = Release|Any CPU
		{90B53209-C60C-4655-B28D-A1B3E1044BA3}.Release|Any CPU.Build.0 = Release|Any CPU
		{90B53209-C60C-4655-B28D-A1B3E1044BA3}.Release|x64.ActiveCfg = Release|Any CPU
		{90B53209-C60C-4655-B28D-A1B3E1044BA3}.Release|x64.Build.0 = Release|Any CPU
		{90B53209-C60C-4655-B28D-A1B3E1044BA3}.Release|x86.ActiveCfg = Release|Any CPU
		{90B53209-C60C-4655-B28D-A1B3E1044BA3}.Release|x86.Build.0 = Release|Any CPU
		{F079FB0A-A8ED-4216-B6A5-345756751A04}.AppVeyor|Any CPU.ActiveCfg = AppVeyor|Any CPU
		{F079FB0A-A8ED-4216-B6A5-345756751A04}.AppVeyor|Any CPU.Build.0 = AppVeyor|Any CPU
		{F079FB0A-A8ED-4216-B6A5-345756751A04}.AppVeyor|x64.ActiveCfg = AppVeyor|Any CPU
		{F079FB0A-A8ED-4216-B6A5-345756751A04}.AppVeyor|x64.Build.0 = AppVeyor|Any CPU
		{F079FB0A-A8ED-4216-B6A5-345756751A04}.AppVeyor|x86.ActiveCfg = AppVeyor|Any CPU
		{F079FB0A-A8ED-4216-B6A5-345756751A04}.AppVeyor|x86.Build.0 = AppVeyor|Any CPU
		{F079FB0A-A8ED-4216-B6A5-345756751A04}.Debug|Any CPU.ActiveCfg = Debug|Any CPU
		{F079FB0A-A8ED-4216-B6A5-345756751A04}.Debug|Any CPU.Build.0 = Debug|Any CPU
		{F079FB0A-A8ED-4216-B6A5-345756751A04}.Debug|x64.ActiveCfg = Debug|Any CPU
		{F079FB0A-A8ED-4216-B6A5-345756751A04}.Debug|x64.Build.0 = Debug|Any CPU
		{F079FB0A-A8ED-4216-B6A5-345756751A04}.Debug|x86.ActiveCfg = Debug|Any CPU
		{F079FB0A-A8ED-4216-B6A5-345756751A04}.Debug|x86.Build.0 = Debug|Any CPU
		{F079FB0A-A8ED-4216-B6A5-345756751A04}.Release|Any CPU.ActiveCfg = Release|Any CPU
		{F079FB0A-A8ED-4216-B6A5-345756751A04}.Release|Any CPU.Build.0 = Release|Any CPU
		{F079FB0A-A8ED-4216-B6A5-345756751A04}.Release|x64.ActiveCfg = Release|Any CPU
		{F079FB0A-A8ED-4216-B6A5-345756751A04}.Release|x64.Build.0 = Release|Any CPU
		{F079FB0A-A8ED-4216-B6A5-345756751A04}.Release|x86.ActiveCfg = Release|Any CPU
		{F079FB0A-A8ED-4216-B6A5-345756751A04}.Release|x86.Build.0 = Release|Any CPU
		{A4DB45BA-324E-47F6-929B-7B674A45AA78}.AppVeyor|Any CPU.ActiveCfg = Release|Any CPU
		{A4DB45BA-324E-47F6-929B-7B674A45AA78}.AppVeyor|Any CPU.Build.0 = Release|Any CPU
		{A4DB45BA-324E-47F6-929B-7B674A45AA78}.AppVeyor|x64.ActiveCfg = Release|Any CPU
		{A4DB45BA-324E-47F6-929B-7B674A45AA78}.AppVeyor|x64.Build.0 = Release|Any CPU
		{A4DB45BA-324E-47F6-929B-7B674A45AA78}.AppVeyor|x86.ActiveCfg = Release|Any CPU
		{A4DB45BA-324E-47F6-929B-7B674A45AA78}.AppVeyor|x86.Build.0 = Release|Any CPU
		{A4DB45BA-324E-47F6-929B-7B674A45AA78}.Debug|Any CPU.ActiveCfg = Debug|Any CPU
		{A4DB45BA-324E-47F6-929B-7B674A45AA78}.Debug|Any CPU.Build.0 = Debug|Any CPU
		{A4DB45BA-324E-47F6-929B-7B674A45AA78}.Debug|x64.ActiveCfg = Debug|Any CPU
		{A4DB45BA-324E-47F6-929B-7B674A45AA78}.Debug|x64.Build.0 = Debug|Any CPU
		{A4DB45BA-324E-47F6-929B-7B674A45AA78}.Debug|x86.ActiveCfg = Debug|Any CPU
		{A4DB45BA-324E-47F6-929B-7B674A45AA78}.Debug|x86.Build.0 = Debug|Any CPU
		{A4DB45BA-324E-47F6-929B-7B674A45AA78}.Release|Any CPU.ActiveCfg = Release|Any CPU
		{A4DB45BA-324E-47F6-929B-7B674A45AA78}.Release|Any CPU.Build.0 = Release|Any CPU
		{A4DB45BA-324E-47F6-929B-7B674A45AA78}.Release|x64.ActiveCfg = Release|Any CPU
		{A4DB45BA-324E-47F6-929B-7B674A45AA78}.Release|x64.Build.0 = Release|Any CPU
		{A4DB45BA-324E-47F6-929B-7B674A45AA78}.Release|x86.ActiveCfg = Release|Any CPU
		{A4DB45BA-324E-47F6-929B-7B674A45AA78}.Release|x86.Build.0 = Release|Any CPU
		{D7D555A0-0466-41F9-9863-04A2FA40D185}.AppVeyor|Any CPU.ActiveCfg = Release|Any CPU
		{D7D555A0-0466-41F9-9863-04A2FA40D185}.AppVeyor|Any CPU.Build.0 = Release|Any CPU
		{D7D555A0-0466-41F9-9863-04A2FA40D185}.AppVeyor|x64.ActiveCfg = Release|Any CPU
		{D7D555A0-0466-41F9-9863-04A2FA40D185}.AppVeyor|x64.Build.0 = Release|Any CPU
		{D7D555A0-0466-41F9-9863-04A2FA40D185}.AppVeyor|x86.ActiveCfg = Release|Any CPU
		{D7D555A0-0466-41F9-9863-04A2FA40D185}.AppVeyor|x86.Build.0 = Release|Any CPU
		{D7D555A0-0466-41F9-9863-04A2FA40D185}.Debug|Any CPU.ActiveCfg = Debug|Any CPU
		{D7D555A0-0466-41F9-9863-04A2FA40D185}.Debug|Any CPU.Build.0 = Debug|Any CPU
		{D7D555A0-0466-41F9-9863-04A2FA40D185}.Debug|x64.ActiveCfg = Debug|Any CPU
		{D7D555A0-0466-41F9-9863-04A2FA40D185}.Debug|x64.Build.0 = Debug|Any CPU
		{D7D555A0-0466-41F9-9863-04A2FA40D185}.Debug|x86.ActiveCfg = Debug|Any CPU
		{D7D555A0-0466-41F9-9863-04A2FA40D185}.Debug|x86.Build.0 = Debug|Any CPU
		{D7D555A0-0466-41F9-9863-04A2FA40D185}.Release|Any CPU.ActiveCfg = Release|Any CPU
		{D7D555A0-0466-41F9-9863-04A2FA40D185}.Release|Any CPU.Build.0 = Release|Any CPU
		{D7D555A0-0466-41F9-9863-04A2FA40D185}.Release|x64.ActiveCfg = Release|Any CPU
		{D7D555A0-0466-41F9-9863-04A2FA40D185}.Release|x64.Build.0 = Release|Any CPU
		{D7D555A0-0466-41F9-9863-04A2FA40D185}.Release|x86.ActiveCfg = Release|Any CPU
		{D7D555A0-0466-41F9-9863-04A2FA40D185}.Release|x86.Build.0 = Release|Any CPU
		{5DD790E1-4CD1-48B4-942F-65A088F8A5EA}.AppVeyor|Any CPU.ActiveCfg = Release|Any CPU
		{5DD790E1-4CD1-48B4-942F-65A088F8A5EA}.AppVeyor|Any CPU.Build.0 = Release|Any CPU
		{5DD790E1-4CD1-48B4-942F-65A088F8A5EA}.AppVeyor|x64.ActiveCfg = Release|Any CPU
		{5DD790E1-4CD1-48B4-942F-65A088F8A5EA}.AppVeyor|x64.Build.0 = Release|Any CPU
		{5DD790E1-4CD1-48B4-942F-65A088F8A5EA}.AppVeyor|x86.ActiveCfg = Release|Any CPU
		{5DD790E1-4CD1-48B4-942F-65A088F8A5EA}.AppVeyor|x86.Build.0 = Release|Any CPU
		{5DD790E1-4CD1-48B4-942F-65A088F8A5EA}.Debug|Any CPU.ActiveCfg = Debug|Any CPU
		{5DD790E1-4CD1-48B4-942F-65A088F8A5EA}.Debug|Any CPU.Build.0 = Debug|Any CPU
		{5DD790E1-4CD1-48B4-942F-65A088F8A5EA}.Debug|x64.ActiveCfg = Debug|Any CPU
		{5DD790E1-4CD1-48B4-942F-65A088F8A5EA}.Debug|x64.Build.0 = Debug|Any CPU
		{5DD790E1-4CD1-48B4-942F-65A088F8A5EA}.Debug|x86.ActiveCfg = Debug|Any CPU
		{5DD790E1-4CD1-48B4-942F-65A088F8A5EA}.Debug|x86.Build.0 = Debug|Any CPU
		{5DD790E1-4CD1-48B4-942F-65A088F8A5EA}.Release|Any CPU.ActiveCfg = Release|Any CPU
		{5DD790E1-4CD1-48B4-942F-65A088F8A5EA}.Release|Any CPU.Build.0 = Release|Any CPU
		{5DD790E1-4CD1-48B4-942F-65A088F8A5EA}.Release|x64.ActiveCfg = Release|Any CPU
		{5DD790E1-4CD1-48B4-942F-65A088F8A5EA}.Release|x64.Build.0 = Release|Any CPU
		{5DD790E1-4CD1-48B4-942F-65A088F8A5EA}.Release|x86.ActiveCfg = Release|Any CPU
		{5DD790E1-4CD1-48B4-942F-65A088F8A5EA}.Release|x86.Build.0 = Release|Any CPU
		{F7BDEE1E-540B-4C94-841B-24DAD0908C1B}.AppVeyor|Any CPU.ActiveCfg = Release|Any CPU
		{F7BDEE1E-540B-4C94-841B-24DAD0908C1B}.AppVeyor|Any CPU.Build.0 = Release|Any CPU
		{F7BDEE1E-540B-4C94-841B-24DAD0908C1B}.AppVeyor|x64.ActiveCfg = Release|Any CPU
		{F7BDEE1E-540B-4C94-841B-24DAD0908C1B}.AppVeyor|x64.Build.0 = Release|Any CPU
		{F7BDEE1E-540B-4C94-841B-24DAD0908C1B}.AppVeyor|x86.ActiveCfg = Release|Any CPU
		{F7BDEE1E-540B-4C94-841B-24DAD0908C1B}.AppVeyor|x86.Build.0 = Release|Any CPU
		{F7BDEE1E-540B-4C94-841B-24DAD0908C1B}.Debug|Any CPU.ActiveCfg = Debug|Any CPU
		{F7BDEE1E-540B-4C94-841B-24DAD0908C1B}.Debug|Any CPU.Build.0 = Debug|Any CPU
		{F7BDEE1E-540B-4C94-841B-24DAD0908C1B}.Debug|x64.ActiveCfg = Debug|Any CPU
		{F7BDEE1E-540B-4C94-841B-24DAD0908C1B}.Debug|x64.Build.0 = Debug|Any CPU
		{F7BDEE1E-540B-4C94-841B-24DAD0908C1B}.Debug|x86.ActiveCfg = Debug|Any CPU
		{F7BDEE1E-540B-4C94-841B-24DAD0908C1B}.Debug|x86.Build.0 = Debug|Any CPU
		{F7BDEE1E-540B-4C94-841B-24DAD0908C1B}.Release|Any CPU.ActiveCfg = Release|Any CPU
		{F7BDEE1E-540B-4C94-841B-24DAD0908C1B}.Release|Any CPU.Build.0 = Release|Any CPU
		{F7BDEE1E-540B-4C94-841B-24DAD0908C1B}.Release|x64.ActiveCfg = Release|Any CPU
		{F7BDEE1E-540B-4C94-841B-24DAD0908C1B}.Release|x64.Build.0 = Release|Any CPU
		{F7BDEE1E-540B-4C94-841B-24DAD0908C1B}.Release|x86.ActiveCfg = Release|Any CPU
		{F7BDEE1E-540B-4C94-841B-24DAD0908C1B}.Release|x86.Build.0 = Release|Any CPU
		{AFA91376-14B6-4310-AFCF-2D61C2C1BDB9}.AppVeyor|Any CPU.ActiveCfg = Release|Any CPU
		{AFA91376-14B6-4310-AFCF-2D61C2C1BDB9}.AppVeyor|Any CPU.Build.0 = Release|Any CPU
		{AFA91376-14B6-4310-AFCF-2D61C2C1BDB9}.AppVeyor|x64.ActiveCfg = Release|Any CPU
		{AFA91376-14B6-4310-AFCF-2D61C2C1BDB9}.AppVeyor|x64.Build.0 = Release|Any CPU
		{AFA91376-14B6-4310-AFCF-2D61C2C1BDB9}.AppVeyor|x86.ActiveCfg = Release|Any CPU
		{AFA91376-14B6-4310-AFCF-2D61C2C1BDB9}.AppVeyor|x86.Build.0 = Release|Any CPU
		{AFA91376-14B6-4310-AFCF-2D61C2C1BDB9}.Debug|Any CPU.ActiveCfg = Debug|Any CPU
		{AFA91376-14B6-4310-AFCF-2D61C2C1BDB9}.Debug|Any CPU.Build.0 = Debug|Any CPU
		{AFA91376-14B6-4310-AFCF-2D61C2C1BDB9}.Debug|x64.ActiveCfg = Debug|Any CPU
		{AFA91376-14B6-4310-AFCF-2D61C2C1BDB9}.Debug|x64.Build.0 = Debug|Any CPU
		{AFA91376-14B6-4310-AFCF-2D61C2C1BDB9}.Debug|x86.ActiveCfg = Debug|Any CPU
		{AFA91376-14B6-4310-AFCF-2D61C2C1BDB9}.Debug|x86.Build.0 = Debug|Any CPU
		{AFA91376-14B6-4310-AFCF-2D61C2C1BDB9}.Release|Any CPU.ActiveCfg = Release|Any CPU
		{AFA91376-14B6-4310-AFCF-2D61C2C1BDB9}.Release|Any CPU.Build.0 = Release|Any CPU
		{AFA91376-14B6-4310-AFCF-2D61C2C1BDB9}.Release|x64.ActiveCfg = Release|Any CPU
		{AFA91376-14B6-4310-AFCF-2D61C2C1BDB9}.Release|x64.Build.0 = Release|Any CPU
		{AFA91376-14B6-4310-AFCF-2D61C2C1BDB9}.Release|x86.ActiveCfg = Release|Any CPU
		{AFA91376-14B6-4310-AFCF-2D61C2C1BDB9}.Release|x86.Build.0 = Release|Any CPU
		{7D4B33E5-A184-4393-B0AD-4EC24CDD4F48}.AppVeyor|Any CPU.ActiveCfg = Release|Any CPU
		{7D4B33E5-A184-4393-B0AD-4EC24CDD4F48}.AppVeyor|Any CPU.Build.0 = Release|Any CPU
		{7D4B33E5-A184-4393-B0AD-4EC24CDD4F48}.AppVeyor|x64.ActiveCfg = Release|Any CPU
		{7D4B33E5-A184-4393-B0AD-4EC24CDD4F48}.AppVeyor|x64.Build.0 = Release|Any CPU
		{7D4B33E5-A184-4393-B0AD-4EC24CDD4F48}.AppVeyor|x86.ActiveCfg = Release|Any CPU
		{7D4B33E5-A184-4393-B0AD-4EC24CDD4F48}.AppVeyor|x86.Build.0 = Release|Any CPU
		{7D4B33E5-A184-4393-B0AD-4EC24CDD4F48}.Debug|Any CPU.ActiveCfg = Debug|Any CPU
		{7D4B33E5-A184-4393-B0AD-4EC24CDD4F48}.Debug|Any CPU.Build.0 = Debug|Any CPU
		{7D4B33E5-A184-4393-B0AD-4EC24CDD4F48}.Debug|x64.ActiveCfg = Debug|Any CPU
		{7D4B33E5-A184-4393-B0AD-4EC24CDD4F48}.Debug|x64.Build.0 = Debug|Any CPU
		{7D4B33E5-A184-4393-B0AD-4EC24CDD4F48}.Debug|x86.ActiveCfg = Debug|Any CPU
		{7D4B33E5-A184-4393-B0AD-4EC24CDD4F48}.Debug|x86.Build.0 = Debug|Any CPU
		{7D4B33E5-A184-4393-B0AD-4EC24CDD4F48}.Release|Any CPU.ActiveCfg = Release|Any CPU
		{7D4B33E5-A184-4393-B0AD-4EC24CDD4F48}.Release|Any CPU.Build.0 = Release|Any CPU
		{7D4B33E5-A184-4393-B0AD-4EC24CDD4F48}.Release|x64.ActiveCfg = Release|Any CPU
		{7D4B33E5-A184-4393-B0AD-4EC24CDD4F48}.Release|x64.Build.0 = Release|Any CPU
		{7D4B33E5-A184-4393-B0AD-4EC24CDD4F48}.Release|x86.ActiveCfg = Release|Any CPU
		{7D4B33E5-A184-4393-B0AD-4EC24CDD4F48}.Release|x86.Build.0 = Release|Any CPU
		{F7627A51-379A-4BD0-A106-2E8A5316E7C2}.AppVeyor|Any CPU.ActiveCfg = Release|x86
		{F7627A51-379A-4BD0-A106-2E8A5316E7C2}.AppVeyor|Any CPU.Build.0 = Release|x86
		{F7627A51-379A-4BD0-A106-2E8A5316E7C2}.AppVeyor|x64.ActiveCfg = Release|x86
		{F7627A51-379A-4BD0-A106-2E8A5316E7C2}.AppVeyor|x64.Build.0 = Release|x86
		{F7627A51-379A-4BD0-A106-2E8A5316E7C2}.AppVeyor|x86.ActiveCfg = Release|x86
		{F7627A51-379A-4BD0-A106-2E8A5316E7C2}.AppVeyor|x86.Build.0 = Release|x86
		{F7627A51-379A-4BD0-A106-2E8A5316E7C2}.Debug|Any CPU.ActiveCfg = Debug|x86
		{F7627A51-379A-4BD0-A106-2E8A5316E7C2}.Debug|x64.ActiveCfg = Debug|x86
		{F7627A51-379A-4BD0-A106-2E8A5316E7C2}.Debug|x86.ActiveCfg = Debug|x86
		{F7627A51-379A-4BD0-A106-2E8A5316E7C2}.Debug|x86.Build.0 = Debug|x86
		{F7627A51-379A-4BD0-A106-2E8A5316E7C2}.Release|Any CPU.ActiveCfg = Release|x86
		{F7627A51-379A-4BD0-A106-2E8A5316E7C2}.Release|x64.ActiveCfg = Release|x86
		{F7627A51-379A-4BD0-A106-2E8A5316E7C2}.Release|x86.ActiveCfg = Release|x86
		{F7627A51-379A-4BD0-A106-2E8A5316E7C2}.Release|x86.Build.0 = Release|x86
	EndGlobalSection
	GlobalSection(SolutionProperties) = preSolution
		HideSolutionNode = FALSE
	EndGlobalSection
	GlobalSection(NestedProjects) = preSolution
		{9144E39B-F8E8-47D1-ADCC-086E2E806778} = {89829906-89B7-4036-8F99-9F2E13FB45CF}
		{91EDFCAD-2495-44D2-BD45-7CC389C6D838} = {89829906-89B7-4036-8F99-9F2E13FB45CF}
		{90254545-27C0-49BF-AE33-AFC88F540D44} = {89829906-89B7-4036-8F99-9F2E13FB45CF}
		{6AD293A4-D9CB-4017-B850-AF97CD67E749} = {89829906-89B7-4036-8F99-9F2E13FB45CF}
		{966C2F8B-47E5-4E6D-ABFC-13501E739D25} = {89829906-89B7-4036-8F99-9F2E13FB45CF}
		{B532540D-534F-4167-8BEB-693134C6D928} = {89829906-89B7-4036-8F99-9F2E13FB45CF}
		{90B53209-C60C-4655-B28D-A1B3E1044BA3} = {863A403C-960C-45E0-9C0D-8FCD9B74A510}
		{F079FB0A-A8ED-4216-B6A5-345756751A04} = {863A403C-960C-45E0-9C0D-8FCD9B74A510}
		{A4DB45BA-324E-47F6-929B-7B674A45AA78} = {AE416B12-9B2C-4E42-955A-834CA3AF6A73}
		{D7D555A0-0466-41F9-9863-04A2FA40D185} = {AE416B12-9B2C-4E42-955A-834CA3AF6A73}
		{F7BDEE1E-540B-4C94-841B-24DAD0908C1B} = {9EDEA571-9347-42F3-8B87-FB87A1553384}
		{AFA91376-14B6-4310-AFCF-2D61C2C1BDB9} = {AE416B12-9B2C-4E42-955A-834CA3AF6A73}
		{7D4B33E5-A184-4393-B0AD-4EC24CDD4F48} = {9EDEA571-9347-42F3-8B87-FB87A1553384}
		{F7627A51-379A-4BD0-A106-2E8A5316E7C2} = {AE416B12-9B2C-4E42-955A-834CA3AF6A73}
	EndGlobalSection
	GlobalSection(ExtensibilityGlobals) = postSolution
		SolutionGuid = {E5FD00BE-0CC0-4FDD-B2A0-D28A15AC9796}
	EndGlobalSection
EndGlobal
